<?xml version="1.0" encoding="utf-8"?>
<Project ToolsVersion="4.0" xmlns="http://schemas.microsoft.com/developer/msbuild/2003">
  <ItemGroup>
    <ClCompile Include="Bullet.cpp">
      <Filter>Body</Filter>
    </ClCompile>
    <ClCompile Include="Camera.cpp">
      <Filter>Body</Filter>
    </ClCompile>
    <ClCompile Include="Enemy.cpp">
      <Filter>Body</Filter>
    </ClCompile>
    <ClCompile Include="GameObjectManager.cpp">
      <Filter>Body</Filter>
    </ClCompile>
    <ClCompile Include="Light.cpp">
      <Filter>Body</Filter>
    </ClCompile>
    <ClCompile Include="LinkedList.cpp">
      <Filter>Body</Filter>
    </ClCompile>
    <ClCompile Include="main.cpp">
      <Filter>Body</Filter>
    </ClCompile>
    <ClCompile Include="Map.cpp">
      <Filter>Body</Filter>
    </ClCompile>
    <ClCompile Include="Matrix.cpp">
      <Filter>Body</Filter>
    </ClCompile>
    <ClCompile Include="ModelLoader.cpp">
      <Filter>Body</Filter>
    </ClCompile>
    <ClCompile Include="MyCharacter.cpp">
      <Filter>Body</Filter>
    </ClCompile>
    <ClCompile Include="Object.cpp">
      <Filter>Body</Filter>
    </ClCompile>
    <ClCompile Include="shader.cpp">
      <Filter>Body</Filter>
    </ClCompile>
    <ClCompile Include="ShaderID.cpp">
      <Filter>Body</Filter>
    </ClCompile>
    <ClCompile Include="EnemyBullet.cpp">
      <Filter>Body</Filter>
    </ClCompile>
    <ClCompile Include="Rock.cpp">
      <Filter>Body</Filter>
    </ClCompile>
  </ItemGroup>
  <ItemGroup>
    <ClInclude Include="Bullet.h">
      <Filter>Header</Filter>
    </ClInclude>
    <ClInclude Include="Camera.h">
      <Filter>Header</Filter>
    </ClInclude>
    <ClInclude Include="Enemy.h">
      <Filter>Header</Filter>
    </ClInclude>
    <ClInclude Include="GameObjectManager.h">
      <Filter>Header</Filter>
    </ClInclude>
    <ClInclude Include="Light.h">
      <Filter>Header</Filter>
    </ClInclude>
    <ClInclude Include="LinkedList.h">
      <Filter>Header</Filter>
    </ClInclude>
    <ClInclude Include="Map.h">
      <Filter>Header</Filter>
    </ClInclude>
    <ClInclude Include="Matrix.h">
      <Filter>Header</Filter>
    </ClInclude>
    <ClInclude Include="ModelLoader.h">
      <Filter>Header</Filter>
    </ClInclude>
    <ClInclude Include="MyCharacter.h">
      <Filter>Header</Filter>
    </ClInclude>
    <ClInclude Include="Object.h">
      <Filter>Header</Filter>
    </ClInclude>
    <ClInclude Include="shader.hpp">
      <Filter>Header</Filter>
    </ClInclude>
    <ClInclude Include="ShaderID.h">
      <Filter>Header</Filter>
    </ClInclude>
    <ClInclude Include="TagHeader.h">
      <Filter>Header</Filter>
    </ClInclude>
    <ClInclude Include="EnemyBullet.h">
      <Filter>Header</Filter>
    </ClInclude>
    <ClInclude Include="Rock.h">
      <Filter>Header</Filter>
    </ClInclude>
  </ItemGroup>
  <ItemGroup>
    <None Include="FragmentShader.frag">
      <Filter>Resource</Filter>
    </None>
    <None Include="VertexShader.vert">
      <Filter>Resource</Filter>
    </None>
  </ItemGroup>
  <ItemGroup>
    <Filter Include="Header">
      <UniqueIdentifier>{eb5f0f7c-3fd9-4fa2-9d70-71f94bd401df}</UniqueIdentifier>
    </Filter>
    <Filter Include="Body">
      <UniqueIdentifier>{cc6edf21-532d-4c71-86c4-a039031ccf5d}</UniqueIdentifier>
    </Filter>
    <Filter Include="Resource">
      <UniqueIdentifier>{15d3539e-dffc-42ea-a5f3-07ced3b5fb18}</UniqueIdentifier>
    </Filter>
  </ItemGroup>
</Project>